{
  "version": 4,
  "terraform_version": "1.6.4",
  "serial": 15,
  "lineage": "7bd14735-e992-1576-be1d-8f62b1e678fc",
  "outputs": {
    "public_ip": {
      "value": "150.136.127.146",
      "type": "string"
    }
  },
  "resources": [
    {
      "mode": "managed",
      "type": "null_resource",
      "name": "storage_gw_install",
      "provider": "provider[\"registry.terraform.io/hashicorp/null\"]",
      "instances": [
        {
          "schema_version": 0,
          "attributes": {
            "id": "3023274965684808564",
            "triggers": null
          },
          "sensitive_attributes": [],
          "dependencies": [
            "oci_core_instance.create_instance_proc",
            "oci_core_volume.create_volume_proc",
            "oci_core_volume_attachment.create_volumeattachment_proc"
          ]
        }
      ]
    },
    {
      "mode": "managed",
      "type": "oci_core_instance",
      "name": "create_instance_proc",
      "provider": "provider[\"registry.terraform.io/hashicorp/oci\"]",
      "instances": [
        {
          "schema_version": 0,
          "attributes": {
            "agent_config": [
              {
                "are_all_plugins_disabled": false,
                "is_management_disabled": false,
                "is_monitoring_disabled": false,
                "plugins_config": []
              }
            ],
            "async": null,
            "availability_config": [
              {
                "is_live_migration_preferred": false,
                "recovery_action": "RESTORE_INSTANCE"
              }
            ],
            "availability_domain": "NdNQ:US-ASHBURN-AD-1",
            "boot_volume_id": "ocid1.bootvolume.oc1.iad.abuwcljsvfftyjtfnj64ork2kvltvgeyg65vc6pniuay2bqte447vtwjltwq",
            "capacity_reservation_id": null,
            "compartment_id": "ocid1.compartment.oc1..aaaaaaaayhthdq3zsrckwpnxkkpxn566keys7oezpaec5itwpoyk2mukdg2a",
            "compute_cluster_id": null,
            "create_vnic_details": [
              {
                "assign_ipv6ip": false,
                "assign_private_dns_record": false,
                "assign_public_ip": "true",
                "defined_tags": {
                  "Oracle-Tags.CreatedBy": "oracleidentitycloudservice/pradeepta.samal@bourntec.com",
                  "Oracle-Tags.CreatedOn": "2023-11-27T12:22:19.153Z"
                },
                "display_name": "storagegw",
                "freeform_tags": {},
                "hostname_label": "storagegw",
                "ipv6address_ipv6subnet_cidr_pair_details": [],
                "nsg_ids": [],
                "private_ip": "10.1.1.4",
                "skip_source_dest_check": false,
                "subnet_id": "ocid1.subnet.oc1.iad.aaaaaaaaho2l74cviau2rhrnr3rm4dgibxf6gnwlu4jjqsqtbknjhbf6zzeq",
                "vlan_id": ""
              }
            ],
            "dedicated_vm_host_id": null,
            "defined_tags": {
              "Oracle-Tags.CreatedBy": "oracleidentitycloudservice/pradeepta.samal@bourntec.com",
              "Oracle-Tags.CreatedOn": "2023-11-27T12:22:19.017Z"
            },
            "display_name": "storagegw",
            "extended_metadata": {},
            "fault_domain": "FAULT-DOMAIN-3",
            "freeform_tags": {},
            "hostname_label": "storagegw",
            "id": "ocid1.instance.oc1.iad.anuwcljslbs56rqcxrgqtsqrytdnfvzwjballvhpof2nl3s3jov7f5acuwtq",
            "image": "ocid1.image.oc1.iad.aaaaaaaa2nncqe73p2dphpppwp27qhm22ry7mh2cnblzwyvfitcvvoygniyq",
            "instance_configuration_id": null,
            "instance_options": [
              {
                "are_legacy_imds_endpoints_disabled": false
              }
            ],
            "ipxe_script": null,
            "is_cross_numa_node": false,
            "is_pv_encryption_in_transit_enabled": null,
            "launch_mode": "PARAVIRTUALIZED",
            "launch_options": [
              {
                "boot_volume_type": "PARAVIRTUALIZED",
                "firmware": "UEFI_64",
                "is_consistent_volume_naming_enabled": true,
                "is_pv_encryption_in_transit_enabled": false,
                "network_type": "PARAVIRTUALIZED",
                "remote_data_volume_type": "PARAVIRTUALIZED"
              }
            ],
            "metadata": {
              "ssh_authorized_keys": "ssh-rsa AAAAB3NzaC1yc2EAAAADAQABAAABAQDmTNqgGHk/FFbJng1JpmV/MBN6yCK890eQAQXSCx5bT9ynKnDfoNZsGNb72LbChuQhi+3RtbY1lLtwcl/VCsZqXU3riCoM0rew4eEDCEnsEd6inEctZiqE+wBavuf88NLxNyr6XSs7y1y/0cqjTfPn0dEFvyZ98zQZiYjzfn/LXjVeGyQtGleUENOEbgYwG6OVcTEjbPCGIVRoTNNBGuPCKBjWr3oh2fALFEttBmob55Pxc3dLGEx8LX0MTz3nefzKWKZgzwb3pPe6RGYh8DpFT+hr4XmmoboNc9NeM4QmLl0b7VZFEr39cGbeaUjN58VTfv5nkctNczyBcMIb8u5j pubkey1\n"
            },
            "platform_config": [],
            "preemptible_instance_config": [],
            "preserve_boot_volume": null,
            "private_ip": "10.1.1.4",
            "public_ip": "150.136.127.146",
            "region": "iad",
            "shape": "VM.Standard.E4.Flex",
            "shape_config": [
              {
                "baseline_ocpu_utilization": "BASELINE_1_1",
                "gpu_description": "",
                "gpus": 0,
                "local_disk_description": "",
                "local_disks": 0,
                "local_disks_total_size_in_gbs": 0,
                "max_vnic_attachments": 2,
                "memory_in_gbs": 16,
                "networking_bandwidth_in_gbps": 1,
                "nvmes": 0,
                "ocpus": 1,
                "processor_description": "2.55 GHz AMD EPYC™ 7J13 (Milan)",
                "vcpus": 2
              }
            ],
            "source_details": [
              {
                "boot_volume_size_in_gbs": "47",
                "boot_volume_vpus_per_gb": "10",
                "instance_source_image_filter_details": [],
                "kms_key_id": "",
                "source_id": "ocid1.image.oc1.iad.aaaaaaaa2nncqe73p2dphpppwp27qhm22ry7mh2cnblzwyvfitcvvoygniyq",
                "source_type": "image"
              }
            ],
            "state": "RUNNING",
            "subnet_id": "ocid1.subnet.oc1.iad.aaaaaaaaho2l74cviau2rhrnr3rm4dgibxf6gnwlu4jjqsqtbknjhbf6zzeq",
            "system_tags": {},
            "time_created": "2023-11-27 12:22:19.51 +0000 UTC",
            "time_maintenance_reboot_due": "",
            "timeouts": null,
            "update_operation_constraint": null
          },
          "sensitive_attributes": [],
          "private": "eyJlMmJmYjczMC1lY2FhLTExZTYtOGY4OC0zNDM2M2JjN2M0YzAiOnsiY3JlYXRlIjoyNzAwMDAwMDAwMDAwLCJkZWxldGUiOjQ1MDAwMDAwMDAwMDAsInVwZGF0ZSI6MjcwMDAwMDAwMDAwMH19"
        }
      ]
    },
    {
      "mode": "managed",
      "type": "oci_core_volume",
      "name": "create_volume_proc",
      "provider": "provider[\"registry.terraform.io/hashicorp/oci\"]",
      "instances": [
        {
          "schema_version": 0,
          "attributes": {
            "auto_tuned_vpus_per_gb": null,
            "autotune_policies": [],
            "availability_domain": "NdNQ:US-ASHBURN-AD-1",
            "backup_policy_id": null,
            "block_volume_replicas": [],
            "block_volume_replicas_deletion": null,
            "compartment_id": "ocid1.compartment.oc1..aaaaaaaayhthdq3zsrckwpnxkkpxn566keys7oezpaec5itwpoyk2mukdg2a",
            "defined_tags": {
              "Oracle-Tags.CreatedBy": "oracleidentitycloudservice/pradeepta.samal@bourntec.com",
              "Oracle-Tags.CreatedOn": "2023-11-27T12:22:18.715Z"
            },
            "display_name": "stgwbv",
            "freeform_tags": {},
            "id": "ocid1.volume.oc1.iad.abuwcljsxn6u4j4wt74c267bbgx3iivsiuma23pchz7sd4az62772lmnrlkq",
            "is_auto_tune_enabled": false,
            "is_hydrated": true,
            "kms_key_id": null,
            "size_in_gbs": "50",
            "size_in_mbs": "51200",
            "source_details": [],
            "state": "AVAILABLE",
            "system_tags": {},
            "time_created": "2023-11-27 12:22:18.75 +0000 UTC",
            "timeouts": null,
            "volume_backup_id": null,
            "volume_group_id": null,
            "vpus_per_gb": "10"
          },
          "sensitive_attributes": [],
          "private": "eyJlMmJmYjczMC1lY2FhLTExZTYtOGY4OC0zNDM2M2JjN2M0YzAiOnsiY3JlYXRlIjoxMjAwMDAwMDAwMDAwLCJkZWxldGUiOjEyMDAwMDAwMDAwMDAsInVwZGF0ZSI6MTIwMDAwMDAwMDAwMH19"
        }
      ]
    },
    {
      "mode": "managed",
      "type": "oci_core_volume_attachment",
      "name": "create_volumeattachment_proc",
      "provider": "provider[\"registry.terraform.io/hashicorp/oci\"]",
      "instances": [
        {
          "schema_version": 0,
          "attributes": {
            "attachment_type": "paravirtualized",
            "availability_domain": "NdNQ:US-ASHBURN-AD-1",
            "chap_secret": null,
            "chap_username": null,
            "compartment_id": "ocid1.compartment.oc1..aaaaaaaayhthdq3zsrckwpnxkkpxn566keys7oezpaec5itwpoyk2mukdg2a",
            "device": "/dev/oracleoci/oraclevdb",
            "display_name": "gwvolumeattach",
            "encryption_in_transit_type": null,
            "id": "ocid1.volumeattachment.oc1.iad.anuwcljslbs56rqckwklzw644ce24k327oh5jkic3hphtalbugdz2qt25itq",
            "instance_id": "ocid1.instance.oc1.iad.anuwcljslbs56rqcxrgqtsqrytdnfvzwjballvhpof2nl3s3jov7f5acuwtq",
            "ipv4": null,
            "iqn": null,
            "is_agent_auto_iscsi_login_enabled": null,
            "is_multipath": null,
            "is_pv_encryption_in_transit_enabled": false,
            "is_read_only": false,
            "is_shareable": false,
            "iscsi_login_state": "",
            "multipath_devices": [],
            "port": null,
            "state": "ATTACHED",
            "time_created": "2023-11-27 12:22:54.628 +0000 UTC",
            "timeouts": null,
            "use_chap": null,
            "volume_id": "ocid1.volume.oc1.iad.abuwcljsxn6u4j4wt74c267bbgx3iivsiuma23pchz7sd4az62772lmnrlkq"
          },
          "sensitive_attributes": [],
          "private": "eyJlMmJmYjczMC1lY2FhLTExZTYtOGY4OC0zNDM2M2JjN2M0YzAiOnsiY3JlYXRlIjoxMjAwMDAwMDAwMDAwLCJkZWxldGUiOjEyMDAwMDAwMDAwMDAsInVwZGF0ZSI6MTIwMDAwMDAwMDAwMH19",
          "dependencies": [
            "oci_core_instance.create_instance_proc",
            "oci_core_volume.create_volume_proc"
          ]
        }
      ]
    }
  ],
  "check_results": null
}
