{
  "version": 4,
  "terraform_version": "1.6.4",
  "serial": 7,
  "lineage": "55fc13ee-9d3f-2aba-6d61-0985364d000e",
  "outputs": {},
  "resources": [
    {
      "mode": "managed",
      "type": "oci_load_balancer_backend",
      "name": "add_ip_backend_set",
      "provider": "provider[\"registry.terraform.io/hashicorp/oci\"]",
      "instances": [
        {
          "index_key": "node1",
          "schema_version": 0,
          "attributes": {
            "backendset_name": "lbr_test_terraform",
            "backup": false,
            "drain": false,
            "id": "loadBalancers/ocid1.loadbalancer.oc1.iad.aaaaaaaarsgncpg6p4nlyzpb7pnsgniaff3urcnll3z5d6bv44mvwg5o7u7q/backendSets/lbr_test_terraform/backends/10.1.1.6:80",
            "ip_address": "10.1.1.6",
            "load_balancer_id": "ocid1.loadbalancer.oc1.iad.aaaaaaaarsgncpg6p4nlyzpb7pnsgniaff3urcnll3z5d6bv44mvwg5o7u7q",
            "name": "10.1.1.6:80",
            "offline": false,
            "port": 80,
            "state": "SUCCEEDED",
            "timeouts": null,
            "weight": 1
          },
          "sensitive_attributes": [],
          "private": "eyJlMmJmYjczMC1lY2FhLTExZTYtOGY4OC0zNDM2M2JjN2M0YzAiOnsiY3JlYXRlIjoxMjAwMDAwMDAwMDAwLCJkZWxldGUiOjEyMDAwMDAwMDAwMDAsInVwZGF0ZSI6MTIwMDAwMDAwMDAwMH19",
          "dependencies": [
            "oci_load_balancer_backend_set.create_backend_set",
            "oci_load_balancer_load_balancer.create_lbr"
          ]
        },
        {
          "index_key": "node2",
          "schema_version": 0,
          "attributes": {
            "backendset_name": "lbr_test_terraform",
            "backup": false,
            "drain": false,
            "id": "loadBalancers/ocid1.loadbalancer.oc1.iad.aaaaaaaarsgncpg6p4nlyzpb7pnsgniaff3urcnll3z5d6bv44mvwg5o7u7q/backendSets/lbr_test_terraform/backends/10.1.1.9:80",
            "ip_address": "10.1.1.9",
            "load_balancer_id": "ocid1.loadbalancer.oc1.iad.aaaaaaaarsgncpg6p4nlyzpb7pnsgniaff3urcnll3z5d6bv44mvwg5o7u7q",
            "name": "10.1.1.9:80",
            "offline": false,
            "port": 80,
            "state": "SUCCEEDED",
            "timeouts": null,
            "weight": 1
          },
          "sensitive_attributes": [],
          "private": "eyJlMmJmYjczMC1lY2FhLTExZTYtOGY4OC0zNDM2M2JjN2M0YzAiOnsiY3JlYXRlIjoxMjAwMDAwMDAwMDAwLCJkZWxldGUiOjEyMDAwMDAwMDAwMDAsInVwZGF0ZSI6MTIwMDAwMDAwMDAwMH19",
          "dependencies": [
            "oci_load_balancer_backend_set.create_backend_set",
            "oci_load_balancer_load_balancer.create_lbr"
          ]
        }
      ]
    },
    {
      "mode": "managed",
      "type": "oci_load_balancer_backend_set",
      "name": "create_backend_set",
      "provider": "provider[\"registry.terraform.io/hashicorp/oci\"]",
      "instances": [
        {
          "schema_version": 0,
          "attributes": {
            "backend": [],
            "health_checker": [
              {
                "interval_ms": 10000,
                "is_force_plain_text": false,
                "port": 80,
                "protocol": "TCP",
                "response_body_regex": ".*",
                "retries": 3,
                "return_code": 200,
                "timeout_in_millis": 3000,
                "url_path": "/"
              }
            ],
            "id": "loadBalancers/ocid1.loadbalancer.oc1.iad.aaaaaaaarsgncpg6p4nlyzpb7pnsgniaff3urcnll3z5d6bv44mvwg5o7u7q/backendSets/lbr_test_terraform",
            "lb_cookie_session_persistence_configuration": [],
            "load_balancer_id": "ocid1.loadbalancer.oc1.iad.aaaaaaaarsgncpg6p4nlyzpb7pnsgniaff3urcnll3z5d6bv44mvwg5o7u7q",
            "name": "lbr_test_terraform",
            "policy": "ROUND_ROBIN",
            "session_persistence_configuration": [],
            "ssl_configuration": [],
            "state": "SUCCEEDED",
            "timeouts": null
          },
          "sensitive_attributes": [],
          "private": "eyJlMmJmYjczMC1lY2FhLTExZTYtOGY4OC0zNDM2M2JjN2M0YzAiOnsiY3JlYXRlIjoxMjAwMDAwMDAwMDAwLCJkZWxldGUiOjEyMDAwMDAwMDAwMDAsInVwZGF0ZSI6MTIwMDAwMDAwMDAwMH19",
          "dependencies": [
            "oci_load_balancer_load_balancer.create_lbr"
          ]
        }
      ]
    },
    {
      "mode": "managed",
      "type": "oci_load_balancer_listener",
      "name": "create_listener",
      "provider": "provider[\"registry.terraform.io/hashicorp/oci\"]",
      "instances": [
        {
          "schema_version": 0,
          "attributes": {
            "connection_configuration": [
              {
                "backend_tcp_proxy_protocol_version": 0,
                "idle_timeout_in_seconds": "60"
              }
            ],
            "default_backend_set_name": "lbr_test_terraform",
            "hostname_names": [],
            "id": "loadBalancers/ocid1.loadbalancer.oc1.iad.aaaaaaaarsgncpg6p4nlyzpb7pnsgniaff3urcnll3z5d6bv44mvwg5o7u7q/listeners/lbr_test_terraform",
            "load_balancer_id": "ocid1.loadbalancer.oc1.iad.aaaaaaaarsgncpg6p4nlyzpb7pnsgniaff3urcnll3z5d6bv44mvwg5o7u7q",
            "name": "lbr_test_terraform",
            "path_route_set_name": null,
            "port": 80,
            "protocol": "HTTP",
            "routing_policy_name": null,
            "rule_set_names": [],
            "ssl_configuration": [],
            "state": "SUCCEEDED",
            "timeouts": null
          },
          "sensitive_attributes": [],
          "private": "eyJlMmJmYjczMC1lY2FhLTExZTYtOGY4OC0zNDM2M2JjN2M0YzAiOnsiY3JlYXRlIjoxMjAwMDAwMDAwMDAwLCJkZWxldGUiOjEyMDAwMDAwMDAwMDAsInVwZGF0ZSI6MTIwMDAwMDAwMDAwMH19",
          "dependencies": [
            "oci_load_balancer_backend_set.create_backend_set",
            "oci_load_balancer_load_balancer.create_lbr"
          ]
        }
      ]
    },
    {
      "mode": "managed",
      "type": "oci_load_balancer_load_balancer",
      "name": "create_lbr",
      "provider": "provider[\"registry.terraform.io/hashicorp/oci\"]",
      "instances": [
        {
          "schema_version": 0,
          "attributes": {
            "compartment_id": "ocid1.compartment.oc1..aaaaaaaayhthdq3zsrckwpnxkkpxn566keys7oezpaec5itwpoyk2mukdg2a",
            "defined_tags": {
              "Oracle-Tags.CreatedBy": "oracleidentitycloudservice/pradeepta.samal@bourntec.com",
              "Oracle-Tags.CreatedOn": "2023-11-21T15:16:04.815Z"
            },
            "display_name": "lbr_test_terraform",
            "freeform_tags": {},
            "id": "ocid1.loadbalancer.oc1.iad.aaaaaaaarsgncpg6p4nlyzpb7pnsgniaff3urcnll3z5d6bv44mvwg5o7u7q",
            "ip_address_details": [
              {
                "ip_address": "129.213.185.99",
                "is_public": true,
                "reserved_ip": []
              }
            ],
            "ip_addresses": [
              "129.213.185.99"
            ],
            "ip_mode": "IPV4",
            "is_private": false,
            "network_security_group_ids": null,
            "reserved_ips": [],
            "shape": "flexible",
            "shape_details": [
              {
                "maximum_bandwidth_in_mbps": 10,
                "minimum_bandwidth_in_mbps": 10
              }
            ],
            "state": "ACTIVE",
            "subnet_ids": [
              "ocid1.subnet.oc1.iad.aaaaaaaaho2l74cviau2rhrnr3rm4dgibxf6gnwlu4jjqsqtbknjhbf6zzeq"
            ],
            "system_tags": {},
            "time_created": "2023-11-21 15:16:05.435 +0000 UTC",
            "timeouts": null
          },
          "sensitive_attributes": [],
          "private": "eyJlMmJmYjczMC1lY2FhLTExZTYtOGY4OC0zNDM2M2JjN2M0YzAiOnsiY3JlYXRlIjoxMjAwMDAwMDAwMDAwLCJkZWxldGUiOjEyMDAwMDAwMDAwMDAsInVwZGF0ZSI6MTIwMDAwMDAwMDAwMH19"
        }
      ]
    }
  ],
  "check_results": null
}
